
Microsoft Visual Studio Solution File, Format Version 12.00
# Visual Studio Version 16
VisualStudioVersion = 16.0.29509.3
MinimumVisualStudioVersion = 10.0.40219.1
Project("{FAE04EC0-301F-11D3-BF4B-00C04F79EFBC}") = "WindowsFormsApp1", "WindowsFormsApp1\WindowsFormsApp1.csproj", "{8E6D95FF-ABF4-44BE-9552-C605B66C79B7}"
EndProject
Global
	GlobalSection(SolutionConfigurationPlatforms) = preSolution
		Debug|Any CPU = Debug|Any CPU
		Release|Any CPU = Release|Any CPU
	EndGlobalSection
	GlobalSection(ProjectConfigurationPlatforms) = postSolution
		{8E6D95FF-ABF4-44BE-9552-C605B66C79B7}.Debug|Any CPU.ActiveCfg = Debug|Any CPU
		{8E6D95FF-ABF4-44BE-9552-C605B66C79B7}.Debug|Any CPU.Build.0 = Debug|Any CPU
		{8E6D95FF-ABF4-44BE-9552-C605B66C79B7}.Release|Any CPU.ActiveCfg = Release|Any CPU
		{8E6D95FF-ABF4-44BE-9552-C605B66C79B7}.Release|Any CPU.Build.0 = Release|Any CPU
	EndGlobalSection
	GlobalSection(SolutionProperties) = preSolution
		HideSolutionNode = FALSE
	EndGlobalSection
	GlobalSection(ExtensibilityGlobals) = postSolution
		SolutionGuid = {5C53CD20-B39A-4371-9E90-4B68177899A6}
	EndGlobalSection
EndGlobal
